
Microsoft Visual Studio Solution File, Format Version 12.00
# Visual Studio Version 16
VisualStudioVersion = 16.0.30320.27
MinimumVisualStudioVersion = 10.0.40219.1
Project("{FAE04EC0-301F-11D3-BF4B-00C04F79EFBC}") = "WCFChat.Host", "WCFChat.Host\WCFChat.Host.csproj", "{6AF757D5-6B86-4DB8-A9E3-E26003B6EC10}"
EndProject
Project("{FAE04EC0-301F-11D3-BF4B-00C04F79EFBC}") = "WCFChat.Contracts", "WCFChat.Contracts\WCFChat.Contracts.csproj", "{7FE3AAEA-3665-4F67-BE34-8F39B85B875E}"
EndProject
Project("{FAE04EC0-301F-11D3-BF4B-00C04F79EFBC}") = "WCFChat.Client", "WCFChat.Client\WCFChat.Client.csproj", "{A5DA2919-0E4B-4501-BD93-FF2859786F7F}"
EndProject
Global
	GlobalSection(SolutionConfigurationPlatforms) = preSolution
		Debug|Any CPU = Debug|Any CPU
		Release|Any CPU = Release|Any CPU
	EndGlobalSection
	GlobalSection(ProjectConfigurationPlatforms) = postSolution
		{6AF757D5-6B86-4DB8-A9E3-E26003B6EC10}.Debug|Any CPU.ActiveCfg = Debug|Any CPU
		{6AF757D5-6B86-4DB8-A9E3-E26003B6EC10}.Debug|Any CPU.Build.0 = Debug|Any CPU
		{6AF757D5-6B86-4DB8-A9E3-E26003B6EC10}.Release|Any CPU.ActiveCfg = Release|Any CPU
		{6AF757D5-6B86-4DB8-A9E3-E26003B6EC10}.Release|Any CPU.Build.0 = Release|Any CPU
		{7FE3AAEA-3665-4F67-BE34-8F39B85B875E}.Debug|Any CPU.ActiveCfg = Debug|Any CPU
		{7FE3AAEA-3665-4F67-BE34-8F39B85B875E}.Debug|Any CPU.Build.0 = Debug|Any CPU
		{7FE3AAEA-3665-4F67-BE34-8F39B85B875E}.Release|Any CPU.ActiveCfg = Release|Any CPU
		{7FE3AAEA-3665-4F67-BE34-8F39B85B875E}.Release|Any CPU.Build.0 = Release|Any CPU
		{A5DA2919-0E4B-4501-BD93-FF2859786F7F}.Debug|Any CPU.ActiveCfg = Debug|Any CPU
		{A5DA2919-0E4B-4501-BD93-FF2859786F7F}.Debug|Any CPU.Build.0 = Debug|Any CPU
		{A5DA2919-0E4B-4501-BD93-FF2859786F7F}.Release|Any CPU.ActiveCfg = Release|Any CPU
		{A5DA2919-0E4B-4501-BD93-FF2859786F7F}.Release|Any CPU.Build.0 = Release|Any CPU
	EndGlobalSection
	GlobalSection(SolutionProperties) = preSolution
		HideSolutionNode = FALSE
	EndGlobalSection
	GlobalSection(ExtensibilityGlobals) = postSolution
		SolutionGuid = {767F4DF8-8A0C-4ECE-B4E3-AFCB06A55073}
	EndGlobalSection
EndGlobal
