
Microsoft Visual Studio Solution File, Format Version 12.00
# Visual Studio Version 16
VisualStudioVersion = 16.0.30320.27
MinimumVisualStudioVersion = 10.0.40219.1
Project("{FAE04EC0-301F-11D3-BF4B-00C04F79EFBC}") = "WcfSelfHosting.Host", "WcfSelfHosting.Host\WcfSelfHosting.Host.csproj", "{C2F95EAF-3774-444B-A333-54DDB4503A9B}"
EndProject
Project("{FAE04EC0-301F-11D3-BF4B-00C04F79EFBC}") = "WcfSelfHosting.Contracts", "WcfSelfHosting.Contracts\WcfSelfHosting.Contracts.csproj", "{1C3AE757-BBBE-4B52-8397-D4A17CDE56B5}"
EndProject
Project("{FAE04EC0-301F-11D3-BF4B-00C04F79EFBC}") = "WcfSelfHosting.Client", "WcfSelfHosting.Client\WcfSelfHosting.Client.csproj", "{FCEBA9FF-17FD-4744-9F6F-5492B5DF20DE}"
EndProject
Global
	GlobalSection(SolutionConfigurationPlatforms) = preSolution
		Debug|Any CPU = Debug|Any CPU
		Release|Any CPU = Release|Any CPU
	EndGlobalSection
	GlobalSection(ProjectConfigurationPlatforms) = postSolution
		{C2F95EAF-3774-444B-A333-54DDB4503A9B}.Debug|Any CPU.ActiveCfg = Debug|Any CPU
		{C2F95EAF-3774-444B-A333-54DDB4503A9B}.Debug|Any CPU.Build.0 = Debug|Any CPU
		{C2F95EAF-3774-444B-A333-54DDB4503A9B}.Release|Any CPU.ActiveCfg = Release|Any CPU
		{C2F95EAF-3774-444B-A333-54DDB4503A9B}.Release|Any CPU.Build.0 = Release|Any CPU
		{1C3AE757-BBBE-4B52-8397-D4A17CDE56B5}.Debug|Any CPU.ActiveCfg = Debug|Any CPU
		{1C3AE757-BBBE-4B52-8397-D4A17CDE56B5}.Debug|Any CPU.Build.0 = Debug|Any CPU
		{1C3AE757-BBBE-4B52-8397-D4A17CDE56B5}.Release|Any CPU.ActiveCfg = Release|Any CPU
		{1C3AE757-BBBE-4B52-8397-D4A17CDE56B5}.Release|Any CPU.Build.0 = Release|Any CPU
		{FCEBA9FF-17FD-4744-9F6F-5492B5DF20DE}.Debug|Any CPU.ActiveCfg = Debug|Any CPU
		{FCEBA9FF-17FD-4744-9F6F-5492B5DF20DE}.Debug|Any CPU.Build.0 = Debug|Any CPU
		{FCEBA9FF-17FD-4744-9F6F-5492B5DF20DE}.Release|Any CPU.ActiveCfg = Release|Any CPU
		{FCEBA9FF-17FD-4744-9F6F-5492B5DF20DE}.Release|Any CPU.Build.0 = Release|Any CPU
	EndGlobalSection
	GlobalSection(SolutionProperties) = preSolution
		HideSolutionNode = FALSE
	EndGlobalSection
	GlobalSection(ExtensibilityGlobals) = postSolution
		SolutionGuid = {26E73CAB-1A52-4C46-93FA-B2C2A9AC3CA3}
	EndGlobalSection
EndGlobal
